
Microsoft Visual Studio Solution File, Format Version 12.00
# Visual Studio Version 17
VisualStudioVersion = 17.9.34607.119
MinimumVisualStudioVersion = 10.0.40219.1
Project("{FAE04EC0-301F-11D3-BF4B-00C04F79EFBC}") = "ClinicManagementSystem", "ClinicManagementSystem\ClinicManagementSystem.csproj", "{7163EE44-9374-42B8-B49E-E58AD204798F}"
EndProject
Global
	GlobalSection(SolutionConfigurationPlatforms) = preSolution
		Debug|Any CPU = Debug|Any CPU
		Release|Any CPU = Release|Any CPU
	EndGlobalSection
	GlobalSection(ProjectConfigurationPlatforms) = postSolution
		{7163EE44-9374-42B8-B49E-E58AD204798F}.Debug|Any CPU.ActiveCfg = Debug|Any CPU
		{7163EE44-9374-42B8-B49E-E58AD204798F}.Debug|Any CPU.Build.0 = Debug|Any CPU
		{7163EE44-9374-42B8-B49E-E58AD204798F}.Release|Any CPU.ActiveCfg = Release|Any CPU
		{7163EE44-9374-42B8-B49E-E58AD204798F}.Release|Any CPU.Build.0 = Release|Any CPU
	EndGlobalSection
	GlobalSection(SolutionProperties) = preSolution
		HideSolutionNode = FALSE
	EndGlobalSection
	GlobalSection(ExtensibilityGlobals) = postSolution
		SolutionGuid = {B8C480BA-AE96-4CEA-A607-E2A9DA66D2AD}
	EndGlobalSection
EndGlobal
